
Microsoft Visual Studio Solution File, Format Version 12.00
# Visual Studio Version 17
VisualStudioVersion = 17.11.35219.272
MinimumVisualStudioVersion = 10.0.40219.1
Project("{FAE04EC0-301F-11D3-BF4B-00C04F79EFBC}") = "UtilityConsumption", "src\UtilityConsumption\UtilityConsumption.csproj", "{6E58605D-B21E-4E1D-ABF7-F2B33245DF3A}"
EndProject
Global
	GlobalSection(SolutionConfigurationPlatforms) = preSolution
		Debug|Any CPU = Debug|Any CPU
		Release|Any CPU = Release|Any CPU
	EndGlobalSection
	GlobalSection(ProjectConfigurationPlatforms) = postSolution
		{6E58605D-B21E-4E1D-ABF7-F2B33245DF3A}.Debug|Any CPU.ActiveCfg = Debug|Any CPU
		{6E58605D-B21E-4E1D-ABF7-F2B33245DF3A}.Debug|Any CPU.Build.0 = Debug|Any CPU
		{6E58605D-B21E-4E1D-ABF7-F2B33245DF3A}.Release|Any CPU.ActiveCfg = Release|Any CPU
		{6E58605D-B21E-4E1D-ABF7-F2B33245DF3A}.Release|Any CPU.Build.0 = Release|Any CPU
	EndGlobalSection
	GlobalSection(SolutionProperties) = preSolution
		HideSolutionNode = FALSE
	EndGlobalSection
	GlobalSection(ExtensibilityGlobals) = postSolution
		SolutionGuid = {292C8B27-52B1-4386-9342-DD3A3B9A944C}
	EndGlobalSection
EndGlobal
